
Microsoft Visual Studio Solution File, Format Version 12.00
# Visual Studio 14
VisualStudioVersion = 14.0.25420.1
MinimumVisualStudioVersion = 10.0.40219.1
Project("{FAE04EC0-301F-11D3-BF4B-00C04F79EFBC}") = "OnlineFoodOrderManagment", "OnlineFoodOrderManagment\OnlineFoodOrderManagment.csproj", "{DE7D5B53-32E8-4ACF-9A98-FEFF31FEEAAC}"
EndProject
Project("{FAE04EC0-301F-11D3-BF4B-00C04F79EFBC}") = "OrderFoodManagmentSystem", "OrderFoodManagmentSystem\OrderFoodManagmentSystem.csproj", "{78FCDB8A-7162-4575-9C51-B39CDC8D5D79}"
EndProject
Global
	GlobalSection(SolutionConfigurationPlatforms) = preSolution
		Debug|Any CPU = Debug|Any CPU
		Release|Any CPU = Release|Any CPU
	EndGlobalSection
	GlobalSection(ProjectConfigurationPlatforms) = postSolution
		{DE7D5B53-32E8-4ACF-9A98-FEFF31FEEAAC}.Debug|Any CPU.ActiveCfg = Debug|Any CPU
		{DE7D5B53-32E8-4ACF-9A98-FEFF31FEEAAC}.Debug|Any CPU.Build.0 = Debug|Any CPU
		{DE7D5B53-32E8-4ACF-9A98-FEFF31FEEAAC}.Release|Any CPU.ActiveCfg = Release|Any CPU
		{DE7D5B53-32E8-4ACF-9A98-FEFF31FEEAAC}.Release|Any CPU.Build.0 = Release|Any CPU
		{78FCDB8A-7162-4575-9C51-B39CDC8D5D79}.Debug|Any CPU.ActiveCfg = Debug|Any CPU
		{78FCDB8A-7162-4575-9C51-B39CDC8D5D79}.Debug|Any CPU.Build.0 = Debug|Any CPU
		{78FCDB8A-7162-4575-9C51-B39CDC8D5D79}.Release|Any CPU.ActiveCfg = Release|Any CPU
		{78FCDB8A-7162-4575-9C51-B39CDC8D5D79}.Release|Any CPU.Build.0 = Release|Any CPU
	EndGlobalSection
	GlobalSection(SolutionProperties) = preSolution
		HideSolutionNode = FALSE
	EndGlobalSection
EndGlobal
